
Microsoft Visual Studio Solution File, Format Version 12.00
# Visual Studio Version 17
VisualStudioVersion = 17.10.35122.118
MinimumVisualStudioVersion = 10.0.40219.1
Project("{9A19103F-16F7-4668-BE54-9A1E7A4F7556}") = "TrabajoAnalisis", "TrabajoAnalisis\TrabajoAnalisis.csproj", "{D591605D-65D8-4FE0-AFFF-1BE156DAA1DC}"
EndProject
Project("{9A19103F-16F7-4668-BE54-9A1E7A4F7556}") = "Entidades", "Entidades\Entidades.csproj", "{5B365B8A-E1D4-4E6B-A19B-6B8D9B1ED9A2}"
EndProject
Project("{2150E333-8FDC-42A3-9474-1A3956D46DE8}") = "Html", "Html", "{BAC0DF25-F32A-44D1-804A-8515D8237918}"
	ProjectSection(SolutionItems) = preProject
		Biseccion.html = Biseccion.html
		CrearBiseccion.js = CrearBiseccion.js
		CrearNewtonRaphson.js = CrearNewtonRaphson.js
		CrearReglaFalsa.js = CrearReglaFalsa.js
		CrearSecante.js = CrearSecante.js
		GaussJordan.html = GaussJordan.html
		GaussJordan.js = GaussJordan.js
		GaussSeidel.html = GaussSeidel.html
		GaussSeidel.js = GaussSeidel.js
		index.html = index.html
		IntegracionNumerica.html = IntegracionNumerica.html
		IntegracionNumerica.js = IntegracionNumerica.js
		NewtonRaphson.html = NewtonRaphson.html
		ReglaFalsa.html = ReglaFalsa.html
		RegresionLineal.html = RegresionLineal.html
		RegresionLineal.js = RegresionLineal.js
		RegresionPolinomial.html = RegresionPolinomial.html
		RegresionPolinomial.js = RegresionPolinomial.js
		Secante.html = Secante.html
		styles.css = styles.css
	EndProjectSection
EndProject
Project("{9A19103F-16F7-4668-BE54-9A1E7A4F7556}") = "Api", "Api\Api.csproj", "{C9559DFE-E357-42E0-B688-2EC20FC5125F}"
EndProject
Global
	GlobalSection(SolutionConfigurationPlatforms) = preSolution
		Debug|Any CPU = Debug|Any CPU
		Release|Any CPU = Release|Any CPU
	EndGlobalSection
	GlobalSection(ProjectConfigurationPlatforms) = postSolution
		{D591605D-65D8-4FE0-AFFF-1BE156DAA1DC}.Debug|Any CPU.ActiveCfg = Debug|Any CPU
		{D591605D-65D8-4FE0-AFFF-1BE156DAA1DC}.Debug|Any CPU.Build.0 = Debug|Any CPU
		{D591605D-65D8-4FE0-AFFF-1BE156DAA1DC}.Release|Any CPU.ActiveCfg = Release|Any CPU
		{D591605D-65D8-4FE0-AFFF-1BE156DAA1DC}.Release|Any CPU.Build.0 = Release|Any CPU
		{5B365B8A-E1D4-4E6B-A19B-6B8D9B1ED9A2}.Debug|Any CPU.ActiveCfg = Debug|Any CPU
		{5B365B8A-E1D4-4E6B-A19B-6B8D9B1ED9A2}.Debug|Any CPU.Build.0 = Debug|Any CPU
		{5B365B8A-E1D4-4E6B-A19B-6B8D9B1ED9A2}.Release|Any CPU.ActiveCfg = Release|Any CPU
		{5B365B8A-E1D4-4E6B-A19B-6B8D9B1ED9A2}.Release|Any CPU.Build.0 = Release|Any CPU
		{C9559DFE-E357-42E0-B688-2EC20FC5125F}.Debug|Any CPU.ActiveCfg = Debug|Any CPU
		{C9559DFE-E357-42E0-B688-2EC20FC5125F}.Debug|Any CPU.Build.0 = Debug|Any CPU
		{C9559DFE-E357-42E0-B688-2EC20FC5125F}.Release|Any CPU.ActiveCfg = Release|Any CPU
		{C9559DFE-E357-42E0-B688-2EC20FC5125F}.Release|Any CPU.Build.0 = Release|Any CPU
	EndGlobalSection
	GlobalSection(SolutionProperties) = preSolution
		HideSolutionNode = FALSE
	EndGlobalSection
	GlobalSection(ExtensibilityGlobals) = postSolution
		SolutionGuid = {5A849CBD-52D1-4644-AFAA-5E275D9E9903}
	EndGlobalSection
EndGlobal
